// !$*UTF8*$!
{
	archiveVersion = 1;
	classes = {
	};
	objectVersion = 54;
	objects = {

/* Begin PBXBuildFile section */
		35BB3F6F15D6CF310079230E /* Cocoa.framework in Frameworks */ = {isa = PBXBuildFile; fileRef = 35BB3F6E15D6CF310079230E /* Cocoa.framework */; };
		35BB3F7B15D6CF310079230E /* main.m in Sources */ = {isa = PBXBuildFile; fileRef = 35BB3F7A15D6CF310079230E /* main.m */; };
		35BB3F8215D6CF310079230E /* AppDelegate.m in Sources */ = {isa = PBXBuildFile; fileRef = 35BB3F8115D6CF310079230E /* AppDelegate.m */; };
		35BB3F8515D6CF310079230E /* MainMenu.xib in Resources */ = {isa = PBXBuildFile; fileRef = 35BB3F8315D6CF310079230E /* MainMenu.xib */; };
		35BB3F8E15D6D2560079230E /* MasterViewController.m in Sources */ = {isa = PBXBuildFile; fileRef = 35BB3F8C15D6D2560079230E /* MasterViewController.m */; };
		35BB3F8F15D6D2560079230E /* MasterViewController.xib in Resources */ = {isa = PBXBuildFile; fileRef = 35BB3F8D15D6D2560079230E /* MasterViewController.xib */; };
		46009FCD29721D480035F14C /* Credits.html in Resources */ = {isa = PBXBuildFile; fileRef = 46009FCC29721D470035F14C /* Credits.html */; };
		46048F6E2652E58A007A15CF /* Images.xcassets in Resources */ = {isa = PBXBuildFile; fileRef = 46048F6D2652E58A007A15CF /* Images.xcassets */; };
		46690B772E1F1C3400194C95 /* NSFileManager+DirectoryLocations.m in Sources */ = {isa = PBXBuildFile; fileRef = 46690B762E1F1C3400194C95 /* NSFileManager+DirectoryLocations.m */; };
		46690C1F2E1FDFBE00194C95 /* LTVersionCheck.m in Sources */ = {isa = PBXBuildFile; fileRef = 46690C1E2E1FDFBE00194C95 /* LTVersionCheck.m */; };
		46690C232E1FE09500194C95 /* LTPopup.xib in Resources */ = {isa = PBXBuildFile; fileRef = 46690C222E1FE09500194C95 /* LTPopup.xib */; };
		46690C242E1FE09500194C95 /* LTPopup.m in Sources */ = {isa = PBXBuildFile; fileRef = 46690C212E1FE09500194C95 /* LTPopup.m */; };
		46690C5E2E1FE49700194C95 /* LTInfoWindow.xib in Resources */ = {isa = PBXBuildFile; fileRef = 46690C5D2E1FE49700194C95 /* LTInfoWindow.xib */; };
		46690C5F2E1FE49700194C95 /* LTInfoWindow.m in Sources */ = {isa = PBXBuildFile; fileRef = 46690C5C2E1FE49700194C95 /* LTInfoWindow.m */; };
		46690C6D2E1FE5A500194C95 /* LTAudioUnitData.m in Sources */ = {isa = PBXBuildFile; fileRef = 46690C6C2E1FE5A500194C95 /* LTAudioUnitData.m */; };
		46B9AC8929845DFF005E4FAE /* help in Resources */ = {isa = PBXBuildFile; fileRef = 46B9AC8829845DFF005E4FAE /* help */; };
		46D5E6DB296F739100605934 /* aui-32.png in Resources */ = {isa = PBXBuildFile; fileRef = 46D5E6D4296F739100605934 /* aui-32.png */; };
		46D5E6DC296F739100605934 /* aui-16.png in Resources */ = {isa = PBXBuildFile; fileRef = 46D5E6D5296F739100605934 /* aui-16.png */; };
		46D5E6DD296F739100605934 /* aui-128.png in Resources */ = {isa = PBXBuildFile; fileRef = 46D5E6D6296F739100605934 /* aui-128.png */; };
		46D5E6DE296F739100605934 /* aui-64.png in Resources */ = {isa = PBXBuildFile; fileRef = 46D5E6D7296F739100605934 /* aui-64.png */; };
		46D5E6DF296F739100605934 /* aui-1024.png in Resources */ = {isa = PBXBuildFile; fileRef = 46D5E6D8296F739100605934 /* aui-1024.png */; };
		46D5E6E0296F739100605934 /* aui-512.png in Resources */ = {isa = PBXBuildFile; fileRef = 46D5E6D9296F739100605934 /* aui-512.png */; };
		46D5E6E1296F739100605934 /* aui-256.png in Resources */ = {isa = PBXBuildFile; fileRef = 46D5E6DA296F739100605934 /* aui-256.png */; };
		46FF8EF1296B5565000069BD /* AudioToolbox.framework in Frameworks */ = {isa = PBXBuildFile; fileRef = 46FF8EF0296B5565000069BD /* AudioToolbox.framework */; };
/* End PBXBuildFile section */

/* Begin PBXFileReference section */
		35BB3F6A15D6CF310079230E /* AudioUnitInfo.app */ = {isa = PBXFileReference; explicitFileType = wrapper.application; includeInIndex = 0; path = AudioUnitInfo.app; sourceTree = BUILT_PRODUCTS_DIR; };
		35BB3F6E15D6CF310079230E /* Cocoa.framework */ = {isa = PBXFileReference; lastKnownFileType = wrapper.framework; name = Cocoa.framework; path = System/Library/Frameworks/Cocoa.framework; sourceTree = SDKROOT; };
		35BB3F7615D6CF310079230E /* AudioUnitInfo-Info.plist */ = {isa = PBXFileReference; lastKnownFileType = text.plist.xml; path = "AudioUnitInfo-Info.plist"; sourceTree = "<group>"; };
		35BB3F7A15D6CF310079230E /* main.m */ = {isa = PBXFileReference; lastKnownFileType = sourcecode.c.objc; path = main.m; sourceTree = "<group>"; };
		35BB3F7C15D6CF310079230E /* AudioUnitInfo-Prefix.pch */ = {isa = PBXFileReference; lastKnownFileType = sourcecode.c.h; path = "AudioUnitInfo-Prefix.pch"; sourceTree = "<group>"; };
		35BB3F8015D6CF310079230E /* AppDelegate.h */ = {isa = PBXFileReference; lastKnownFileType = sourcecode.c.h; path = AppDelegate.h; sourceTree = "<group>"; };
		35BB3F8115D6CF310079230E /* AppDelegate.m */ = {isa = PBXFileReference; lastKnownFileType = sourcecode.c.objc; path = AppDelegate.m; sourceTree = "<group>"; };
		35BB3F8B15D6D2560079230E /* MasterViewController.h */ = {isa = PBXFileReference; fileEncoding = 4; lastKnownFileType = sourcecode.c.h; path = MasterViewController.h; sourceTree = "<group>"; };
		35BB3F8C15D6D2560079230E /* MasterViewController.m */ = {isa = PBXFileReference; fileEncoding = 4; lastKnownFileType = sourcecode.c.objc; path = MasterViewController.m; sourceTree = "<group>"; };
		35BB3F8D15D6D2560079230E /* MasterViewController.xib */ = {isa = PBXFileReference; fileEncoding = 4; lastKnownFileType = file.xib; path = MasterViewController.xib; sourceTree = "<group>"; };
		46009FCC29721D470035F14C /* Credits.html */ = {isa = PBXFileReference; fileEncoding = 4; lastKnownFileType = text.html; path = Credits.html; sourceTree = "<group>"; };
		46048F6D2652E58A007A15CF /* Images.xcassets */ = {isa = PBXFileReference; lastKnownFileType = folder.assetcatalog; path = Images.xcassets; sourceTree = "<group>"; };
		46690B752E1F1C3400194C95 /* NSFileManager+DirectoryLocations.h */ = {isa = PBXFileReference; lastKnownFileType = sourcecode.c.h; path = "NSFileManager+DirectoryLocations.h"; sourceTree = "<group>"; };
		46690B762E1F1C3400194C95 /* NSFileManager+DirectoryLocations.m */ = {isa = PBXFileReference; lastKnownFileType = sourcecode.c.objc; path = "NSFileManager+DirectoryLocations.m"; sourceTree = "<group>"; };
		46690BD02E1F205D00194C95 /* LTLog.h */ = {isa = PBXFileReference; lastKnownFileType = sourcecode.c.h; path = LTLog.h; sourceTree = "<group>"; };
		46690C1D2E1FDFBE00194C95 /* LTVersionCheck.h */ = {isa = PBXFileReference; lastKnownFileType = sourcecode.c.h; path = LTVersionCheck.h; sourceTree = "<group>"; };
		46690C1E2E1FDFBE00194C95 /* LTVersionCheck.m */ = {isa = PBXFileReference; lastKnownFileType = sourcecode.c.objc; path = LTVersionCheck.m; sourceTree = "<group>"; };
		46690C202E1FE09500194C95 /* LTPopup.h */ = {isa = PBXFileReference; lastKnownFileType = sourcecode.c.h; path = LTPopup.h; sourceTree = "<group>"; };
		46690C212E1FE09500194C95 /* LTPopup.m */ = {isa = PBXFileReference; lastKnownFileType = sourcecode.c.objc; path = LTPopup.m; sourceTree = "<group>"; };
		46690C222E1FE09500194C95 /* LTPopup.xib */ = {isa = PBXFileReference; lastKnownFileType = file.xib; path = LTPopup.xib; sourceTree = "<group>"; };
		46690C5B2E1FE49700194C95 /* LTInfoWindow.h */ = {isa = PBXFileReference; lastKnownFileType = sourcecode.c.h; path = LTInfoWindow.h; sourceTree = "<group>"; };
		46690C5C2E1FE49700194C95 /* LTInfoWindow.m */ = {isa = PBXFileReference; lastKnownFileType = sourcecode.c.objc; path = LTInfoWindow.m; sourceTree = "<group>"; };
		46690C5D2E1FE49700194C95 /* LTInfoWindow.xib */ = {isa = PBXFileReference; lastKnownFileType = file.xib; path = LTInfoWindow.xib; sourceTree = "<group>"; };
		46690C6B2E1FE5A500194C95 /* LTAudioUnitData.h */ = {isa = PBXFileReference; lastKnownFileType = sourcecode.c.h; path = LTAudioUnitData.h; sourceTree = "<group>"; };
		46690C6C2E1FE5A500194C95 /* LTAudioUnitData.m */ = {isa = PBXFileReference; lastKnownFileType = sourcecode.c.objc; path = LTAudioUnitData.m; sourceTree = "<group>"; };
		46B9AC8829845DFF005E4FAE /* help */ = {isa = PBXFileReference; lastKnownFileType = folder; path = help; sourceTree = "<group>"; };
		46D5E6D4296F739100605934 /* aui-32.png */ = {isa = PBXFileReference; lastKnownFileType = image.png; path = "aui-32.png"; sourceTree = "<group>"; };
		46D5E6D5296F739100605934 /* aui-16.png */ = {isa = PBXFileReference; lastKnownFileType = image.png; path = "aui-16.png"; sourceTree = "<group>"; };
		46D5E6D6296F739100605934 /* aui-128.png */ = {isa = PBXFileReference; lastKnownFileType = image.png; path = "aui-128.png"; sourceTree = "<group>"; };
		46D5E6D7296F739100605934 /* aui-64.png */ = {isa = PBXFileReference; lastKnownFileType = image.png; path = "aui-64.png"; sourceTree = "<group>"; };
		46D5E6D8296F739100605934 /* aui-1024.png */ = {isa = PBXFileReference; lastKnownFileType = image.png; path = "aui-1024.png"; sourceTree = "<group>"; };
		46D5E6D9296F739100605934 /* aui-512.png */ = {isa = PBXFileReference; lastKnownFileType = image.png; path = "aui-512.png"; sourceTree = "<group>"; };
		46D5E6DA296F739100605934 /* aui-256.png */ = {isa = PBXFileReference; lastKnownFileType = image.png; path = "aui-256.png"; sourceTree = "<group>"; };
		46D8D28E264F2CE70018A5BC /* Base */ = {isa = PBXFileReference; lastKnownFileType = file.xib; name = Base; path = Base.lproj/MainMenu.xib; sourceTree = "<group>"; };
		46DCB25C28A29E2600422083 /* AudioUnitInfo.entitlements */ = {isa = PBXFileReference; lastKnownFileType = text.plist.entitlements; path = AudioUnitInfo.entitlements; sourceTree = "<group>"; };
		46FF8EED296B5539000069BD /* AppKit.framework */ = {isa = PBXFileReference; lastKnownFileType = wrapper.framework; name = AppKit.framework; path = System/Library/Frameworks/AppKit.framework; sourceTree = SDKROOT; };
		46FF8EEE296B553E000069BD /* CoreData.framework */ = {isa = PBXFileReference; lastKnownFileType = wrapper.framework; name = CoreData.framework; path = System/Library/Frameworks/CoreData.framework; sourceTree = SDKROOT; };
		46FF8EEF296B5542000069BD /* Foundation.framework */ = {isa = PBXFileReference; lastKnownFileType = wrapper.framework; name = Foundation.framework; path = System/Library/Frameworks/Foundation.framework; sourceTree = SDKROOT; };
		46FF8EF0296B5565000069BD /* AudioToolbox.framework */ = {isa = PBXFileReference; lastKnownFileType = wrapper.framework; name = AudioToolbox.framework; path = System/Library/Frameworks/AudioToolbox.framework; sourceTree = SDKROOT; };
/* End PBXFileReference section */

/* Begin PBXFrameworksBuildPhase section */
		35BB3F6715D6CF310079230E /* Frameworks */ = {
			isa = PBXFrameworksBuildPhase;
			buildActionMask = 2147483647;
			files = (
				35BB3F6F15D6CF310079230E /* Cocoa.framework in Frameworks */,
				46FF8EF1296B5565000069BD /* AudioToolbox.framework in Frameworks */,
			);
			runOnlyForDeploymentPostprocessing = 0;
		};
/* End PBXFrameworksBuildPhase section */

/* Begin PBXGroup section */
		35BB3F5F15D6CF310079230E = {
			isa = PBXGroup;
			children = (
				46DCB25C28A29E2600422083 /* AudioUnitInfo.entitlements */,
				35BB3F7415D6CF310079230E /* Source */,
				46048F5E2652E557007A15CF /* Resources */,
				35BB3F7515D6CF310079230E /* Supporting Files */,
				35BB3F6D15D6CF310079230E /* Frameworks */,
				35BB3F6B15D6CF310079230E /* Products */,
			);
			sourceTree = "<group>";
			wrapsLines = 0;
		};
		35BB3F6B15D6CF310079230E /* Products */ = {
			isa = PBXGroup;
			children = (
				35BB3F6A15D6CF310079230E /* AudioUnitInfo.app */,
			);
			name = Products;
			sourceTree = "<group>";
		};
		35BB3F6D15D6CF310079230E /* Frameworks */ = {
			isa = PBXGroup;
			children = (
				46FF8EF0296B5565000069BD /* AudioToolbox.framework */,
				35BB3F6E15D6CF310079230E /* Cocoa.framework */,
				46FF8EED296B5539000069BD /* AppKit.framework */,
				46FF8EEE296B553E000069BD /* CoreData.framework */,
				46FF8EEF296B5542000069BD /* Foundation.framework */,
			);
			name = Frameworks;
			sourceTree = "<group>";
		};
		35BB3F7415D6CF310079230E /* Source */ = {
			isa = PBXGroup;
			children = (
				35BB3F8015D6CF310079230E /* AppDelegate.h */,
				35BB3F8115D6CF310079230E /* AppDelegate.m */,
				35BB3F8315D6CF310079230E /* MainMenu.xib */,
				35BB3F8B15D6D2560079230E /* MasterViewController.h */,
				35BB3F8C15D6D2560079230E /* MasterViewController.m */,
				35BB3F8D15D6D2560079230E /* MasterViewController.xib */,
				46690C6B2E1FE5A500194C95 /* LTAudioUnitData.h */,
				46690C6C2E1FE5A500194C95 /* LTAudioUnitData.m */,
				46690C5B2E1FE49700194C95 /* LTInfoWindow.h */,
				46690C5C2E1FE49700194C95 /* LTInfoWindow.m */,
				46690C5D2E1FE49700194C95 /* LTInfoWindow.xib */,
				46690C1D2E1FDFBE00194C95 /* LTVersionCheck.h */,
				46690C1E2E1FDFBE00194C95 /* LTVersionCheck.m */,
				46690C202E1FE09500194C95 /* LTPopup.h */,
				46690C212E1FE09500194C95 /* LTPopup.m */,
				46690C222E1FE09500194C95 /* LTPopup.xib */,
				46690B752E1F1C3400194C95 /* NSFileManager+DirectoryLocations.h */,
				46690B762E1F1C3400194C95 /* NSFileManager+DirectoryLocations.m */,
				46690BD02E1F205D00194C95 /* LTLog.h */,
			);
			path = Source;
			sourceTree = "<group>";
		};
		35BB3F7515D6CF310079230E /* Supporting Files */ = {
			isa = PBXGroup;
			children = (
				35BB3F7615D6CF310079230E /* AudioUnitInfo-Info.plist */,
				35BB3F7A15D6CF310079230E /* main.m */,
				35BB3F7C15D6CF310079230E /* AudioUnitInfo-Prefix.pch */,
			);
			name = "Supporting Files";
			path = Source;
			sourceTree = "<group>";
		};
		46048F5E2652E557007A15CF /* Resources */ = {
			isa = PBXGroup;
			children = (
				46B9AC8829845DFF005E4FAE /* help */,
				46009FCC29721D470035F14C /* Credits.html */,
				46D5E6D5296F739100605934 /* aui-16.png */,
				46D5E6D4296F739100605934 /* aui-32.png */,
				46D5E6D7296F739100605934 /* aui-64.png */,
				46D5E6D6296F739100605934 /* aui-128.png */,
				46D5E6DA296F739100605934 /* aui-256.png */,
				46D5E6D9296F739100605934 /* aui-512.png */,
				46D5E6D8296F739100605934 /* aui-1024.png */,
				46048F6D2652E58A007A15CF /* Images.xcassets */,
			);
			path = Resources;
			sourceTree = "<group>";
		};
/* End PBXGroup section */

/* Begin PBXNativeTarget section */
		35BB3F6915D6CF310079230E /* AudioUnitInfo */ = {
			isa = PBXNativeTarget;
			buildConfigurationList = 35BB3F8815D6CF310079230E /* Build configuration list for PBXNativeTarget "AudioUnitInfo" */;
			buildPhases = (
				35BB3F6615D6CF310079230E /* Sources */,
				35BB3F6715D6CF310079230E /* Frameworks */,
				35BB3F6815D6CF310079230E /* Resources */,
			);
			buildRules = (
			);
			dependencies = (
			);
			name = AudioUnitInfo;
			productName = ScaryBugsApp;
			productReference = 35BB3F6A15D6CF310079230E /* AudioUnitInfo.app */;
			productType = "com.apple.product-type.application";
		};
/* End PBXNativeTarget section */

/* Begin PBXProject section */
		35BB3F6115D6CF310079230E /* Project object */ = {
			isa = PBXProject;
			attributes = {
				BuildIndependentTargetsInParallel = YES;
				LastUpgradeCheck = 1540;
				ORGANIZATIONNAME = "";
			};
			buildConfigurationList = 35BB3F6415D6CF310079230E /* Build configuration list for PBXProject "AudioUnitInfo" */;
			compatibilityVersion = "Xcode 11.0";
			developmentRegion = en;
			hasScannedForEncodings = 0;
			knownRegions = (
				en,
				Base,
			);
			mainGroup = 35BB3F5F15D6CF310079230E;
			productRefGroup = 35BB3F6B15D6CF310079230E /* Products */;
			projectDirPath = "";
			projectRoot = "";
			targets = (
				35BB3F6915D6CF310079230E /* AudioUnitInfo */,
			);
		};
/* End PBXProject section */

/* Begin PBXResourcesBuildPhase section */
		35BB3F6815D6CF310079230E /* Resources */ = {
			isa = PBXResourcesBuildPhase;
			buildActionMask = 2147483647;
			files = (
				46D5E6DF296F739100605934 /* aui-1024.png in Resources */,
				46B9AC8929845DFF005E4FAE /* help in Resources */,
				46009FCD29721D480035F14C /* Credits.html in Resources */,
				35BB3F8515D6CF310079230E /* MainMenu.xib in Resources */,
				46D5E6E1296F739100605934 /* aui-256.png in Resources */,
				46048F6E2652E58A007A15CF /* Images.xcassets in Resources */,
				46D5E6DC296F739100605934 /* aui-16.png in Resources */,
				46690C5E2E1FE49700194C95 /* LTInfoWindow.xib in Resources */,
				46D5E6DE296F739100605934 /* aui-64.png in Resources */,
				46D5E6DD296F739100605934 /* aui-128.png in Resources */,
				46690C232E1FE09500194C95 /* LTPopup.xib in Resources */,
				46D5E6E0296F739100605934 /* aui-512.png in Resources */,
				46D5E6DB296F739100605934 /* aui-32.png in Resources */,
				35BB3F8F15D6D2560079230E /* MasterViewController.xib in Resources */,
			);
			runOnlyForDeploymentPostprocessing = 0;
		};
/* End PBXResourcesBuildPhase section */

/* Begin PBXSourcesBuildPhase section */
		35BB3F6615D6CF310079230E /* Sources */ = {
			isa = PBXSourcesBuildPhase;
			buildActionMask = 2147483647;
			files = (
				46690C6D2E1FE5A500194C95 /* LTAudioUnitData.m in Sources */,
				46690C242E1FE09500194C95 /* LTPopup.m in Sources */,
				35BB3F7B15D6CF310079230E /* main.m in Sources */,
				46690B772E1F1C3400194C95 /* NSFileManager+DirectoryLocations.m in Sources */,
				35BB3F8215D6CF310079230E /* AppDelegate.m in Sources */,
				35BB3F8E15D6D2560079230E /* MasterViewController.m in Sources */,
				46690C5F2E1FE49700194C95 /* LTInfoWindow.m in Sources */,
				46690C1F2E1FDFBE00194C95 /* LTVersionCheck.m in Sources */,
			);
			runOnlyForDeploymentPostprocessing = 0;
		};
/* End PBXSourcesBuildPhase section */

/* Begin PBXVariantGroup section */
		35BB3F8315D6CF310079230E /* MainMenu.xib */ = {
			isa = PBXVariantGroup;
			children = (
				46D8D28E264F2CE70018A5BC /* Base */,
			);
			name = MainMenu.xib;
			sourceTree = "<group>";
		};
/* End PBXVariantGroup section */

/* Begin XCBuildConfiguration section */
		35BB3F8615D6CF310079230E /* Debug */ = {
			isa = XCBuildConfiguration;
			buildSettings = {
				ALWAYS_SEARCH_USER_PATHS = NO;
				CLANG_CXX_LANGUAGE_STANDARD = "gnu++0x";
				CLANG_ENABLE_OBJC_ARC = YES;
				CLANG_WARN_BLOCK_CAPTURE_AUTORELEASING = YES;
				CLANG_WARN_BOOL_CONVERSION = YES;
				CLANG_WARN_COMMA = YES;
				CLANG_WARN_CONSTANT_CONVERSION = YES;
				CLANG_WARN_DEPRECATED_OBJC_IMPLEMENTATIONS = YES;
				CLANG_WARN_EMPTY_BODY = YES;
				CLANG_WARN_ENUM_CONVERSION = YES;
				CLANG_WARN_INFINITE_RECURSION = YES;
				CLANG_WARN_INT_CONVERSION = YES;
				CLANG_WARN_NON_LITERAL_NULL_CONVERSION = YES;
				CLANG_WARN_OBJC_IMPLICIT_RETAIN_SELF = YES;
				CLANG_WARN_OBJC_LITERAL_CONVERSION = YES;
				CLANG_WARN_QUOTED_INCLUDE_IN_FRAMEWORK_HEADER = YES;
				CLANG_WARN_RANGE_LOOP_ANALYSIS = YES;
				CLANG_WARN_STRICT_PROTOTYPES = YES;
				CLANG_WARN_SUSPICIOUS_MOVE = YES;
				CLANG_WARN_UNREACHABLE_CODE = YES;
				CLANG_WARN__DUPLICATE_METHOD_MATCH = YES;
				COPY_PHASE_STRIP = NO;
				DEAD_CODE_STRIPPING = YES;
				DEBUG_INFORMATION_FORMAT = "dwarf-with-dsym";
				ENABLE_STRICT_OBJC_MSGSEND = YES;
				ENABLE_TESTABILITY = YES;
				ENABLE_USER_SCRIPT_SANDBOXING = YES;
				GCC_C_LANGUAGE_STANDARD = gnu99;
				GCC_DYNAMIC_NO_PIC = NO;
				GCC_ENABLE_OBJC_EXCEPTIONS = YES;
				GCC_NO_COMMON_BLOCKS = YES;
				GCC_OPTIMIZATION_LEVEL = 0;
				GCC_PREPROCESSOR_DEFINITIONS = (
					"DEBUG=1",
					"$(inherited)",
				);
				GCC_SYMBOLS_PRIVATE_EXTERN = NO;
				GCC_WARN_64_TO_32_BIT_CONVERSION = YES;
				GCC_WARN_ABOUT_RETURN_TYPE = YES;
				GCC_WARN_UNDECLARED_SELECTOR = YES;
				GCC_WARN_UNINITIALIZED_AUTOS = YES;
				GCC_WARN_UNUSED_FUNCTION = YES;
				GCC_WARN_UNUSED_VARIABLE = YES;
				MACOSX_DEPLOYMENT_TARGET = 10.13;
				ONLY_ACTIVE_ARCH = YES;
				SDKROOT = macosx;
			};
			name = Debug;
		};
		35BB3F8715D6CF310079230E /* Release */ = {
			isa = XCBuildConfiguration;
			buildSettings = {
				ALWAYS_SEARCH_USER_PATHS = NO;
				CLANG_CXX_LANGUAGE_STANDARD = "gnu++0x";
				CLANG_ENABLE_OBJC_ARC = YES;
				CLANG_WARN_BLOCK_CAPTURE_AUTORELEASING = YES;
				CLANG_WARN_BOOL_CONVERSION = YES;
				CLANG_WARN_COMMA = YES;
				CLANG_WARN_CONSTANT_CONVERSION = YES;
				CLANG_WARN_DEPRECATED_OBJC_IMPLEMENTATIONS = YES;
				CLANG_WARN_EMPTY_BODY = YES;
				CLANG_WARN_ENUM_CONVERSION = YES;
				CLANG_WARN_INFINITE_RECURSION = YES;
				CLANG_WARN_INT_CONVERSION = YES;
				CLANG_WARN_NON_LITERAL_NULL_CONVERSION = YES;
				CLANG_WARN_OBJC_IMPLICIT_RETAIN_SELF = YES;
				CLANG_WARN_OBJC_LITERAL_CONVERSION = YES;
				CLANG_WARN_QUOTED_INCLUDE_IN_FRAMEWORK_HEADER = YES;
				CLANG_WARN_RANGE_LOOP_ANALYSIS = YES;
				CLANG_WARN_STRICT_PROTOTYPES = YES;
				CLANG_WARN_SUSPICIOUS_MOVE = YES;
				CLANG_WARN_UNREACHABLE_CODE = YES;
				CLANG_WARN__DUPLICATE_METHOD_MATCH = YES;
				COPY_PHASE_STRIP = YES;
				DEAD_CODE_STRIPPING = YES;
				DEBUG_INFORMATION_FORMAT = "dwarf-with-dsym";
				ENABLE_STRICT_OBJC_MSGSEND = YES;
				ENABLE_USER_SCRIPT_SANDBOXING = YES;
				GCC_C_LANGUAGE_STANDARD = gnu99;
				GCC_ENABLE_OBJC_EXCEPTIONS = YES;
				GCC_NO_COMMON_BLOCKS = YES;
				GCC_WARN_64_TO_32_BIT_CONVERSION = YES;
				GCC_WARN_ABOUT_RETURN_TYPE = YES;
				GCC_WARN_UNDECLARED_SELECTOR = YES;
				GCC_WARN_UNINITIALIZED_AUTOS = YES;
				GCC_WARN_UNUSED_FUNCTION = YES;
				GCC_WARN_UNUSED_VARIABLE = YES;
				MACOSX_DEPLOYMENT_TARGET = 10.13;
				SDKROOT = macosx;
			};
			name = Release;
		};
		35BB3F8915D6CF310079230E /* Debug */ = {
			isa = XCBuildConfiguration;
			buildSettings = {
				ASSETCATALOG_COMPILER_APPICON_NAME = AppIcon;
				CODE_SIGN_ENTITLEMENTS = AudioUnitInfo.entitlements;
				CODE_SIGN_IDENTITY = "-";
				COMBINE_HIDPI_IMAGES = YES;
				CURRENT_PROJECT_VERSION = 25;
				DEAD_CODE_STRIPPING = YES;
				DEBUG_INFORMATION_FORMAT = "dwarf-with-dsym";
				ENABLE_HARDENED_RUNTIME = YES;
				GCC_PRECOMPILE_PREFIX_HEADER = NO;
				INFOPLIST_FILE = "Source/AudioUnitInfo-Info.plist";
				INFOPLIST_KEY_LSApplicationCategoryType = "public.app-category.utilities";
				MACOSX_DEPLOYMENT_TARGET = 10.13;
				MARKETING_VERSION = 1.9.1;
				PRODUCT_BUNDLE_IDENTIFIER = com.larrymtaylor.AudioUnitInfo;
				PRODUCT_NAME = "$(TARGET_NAME)";
				WRAPPER_EXTENSION = app;
			};
			name = Debug;
		};
		35BB3F8A15D6CF310079230E /* Release */ = {
			isa = XCBuildConfiguration;
			buildSettings = {
				ASSETCATALOG_COMPILER_APPICON_NAME = AppIcon;
				CODE_SIGN_ENTITLEMENTS = AudioUnitInfo.entitlements;
				CODE_SIGN_IDENTITY = "-";
				COMBINE_HIDPI_IMAGES = YES;
				CURRENT_PROJECT_VERSION = 25;
				DEAD_CODE_STRIPPING = YES;
				ENABLE_HARDENED_RUNTIME = YES;
				GCC_PRECOMPILE_PREFIX_HEADER = NO;
				INFOPLIST_FILE = "Source/AudioUnitInfo-Info.plist";
				INFOPLIST_KEY_LSApplicationCategoryType = "public.app-category.utilities";
				MACOSX_DEPLOYMENT_TARGET = 10.13;
				MARKETING_VERSION = 1.9.1;
				PRODUCT_BUNDLE_IDENTIFIER = com.larrymtaylor.AudioUnitInfo;
				PRODUCT_NAME = "$(TARGET_NAME)";
				WRAPPER_EXTENSION = app;
			};
			name = Release;
		};
/* End XCBuildConfiguration section */

/* Begin XCConfigurationList section */
		35BB3F6415D6CF310079230E /* Build configuration list for PBXProject "AudioUnitInfo" */ = {
			isa = XCConfigurationList;
			buildConfigurations = (
				35BB3F8615D6CF310079230E /* Debug */,
				35BB3F8715D6CF310079230E /* Release */,
			);
			defaultConfigurationIsVisible = 0;
			defaultConfigurationName = Release;
		};
		35BB3F8815D6CF310079230E /* Build configuration list for PBXNativeTarget "AudioUnitInfo" */ = {
			isa = XCConfigurationList;
			buildConfigurations = (
				35BB3F8915D6CF310079230E /* Debug */,
				35BB3F8A15D6CF310079230E /* Release */,
			);
			defaultConfigurationIsVisible = 0;
			defaultConfigurationName = Release;
		};
/* End XCConfigurationList section */
	};
	rootObject = 35BB3F6115D6CF310079230E /* Project object */;
}
